
Microsoft Visual Studio Solution File, Format Version 12.00
# Visual Studio Version 17
VisualStudioVersion = 17.6.33829.357
MinimumVisualStudioVersion = 10.0.40219.1
Project("{FAE04EC0-301F-11D3-BF4B-00C04F79EFBC}") = "LeetCode", "LeetCode.csproj", "{421EBDC0-D62E-47D9-A44F-AF8D1A23B39D}"
EndProject
Global
	GlobalSection(SolutionConfigurationPlatforms) = preSolution
		Debug|Any CPU = Debug|Any CPU
		Release|Any CPU = Release|Any CPU
	EndGlobalSection
	GlobalSection(ProjectConfigurationPlatforms) = postSolution
		{421EBDC0-D62E-47D9-A44F-AF8D1A23B39D}.Debug|Any CPU.ActiveCfg = Debug|Any CPU
		{421EBDC0-D62E-47D9-A44F-AF8D1A23B39D}.Debug|Any CPU.Build.0 = Debug|Any CPU
		{421EBDC0-D62E-47D9-A44F-AF8D1A23B39D}.Release|Any CPU.ActiveCfg = Release|Any CPU
		{421EBDC0-D62E-47D9-A44F-AF8D1A23B39D}.Release|Any CPU.Build.0 = Release|Any CPU
	EndGlobalSection
	GlobalSection(SolutionProperties) = preSolution
		HideSolutionNode = FALSE
	EndGlobalSection
	GlobalSection(ExtensibilityGlobals) = postSolution
		SolutionGuid = {61A9BDF6-0EA5-4890-AC32-72755277B826}
	EndGlobalSection
EndGlobal
